{
  "name": "CoffeeInAMin",
  "requires": true,
  "lockfileVersion": 1,
  "dependencies": {
    "@zxing/library": {
      "version": "0.16.3",
      "resolved": "https://registry.npmjs.org/@zxing/library/-/library-0.16.3.tgz",
      "integrity": "sha512-GjhP1eWfj76fn8JnipDXKEErgfNJO8CJb0bEgkZ14RLSo1z2U1wD7RUt609oRWYYq2gPQfK3X+Z159K4ecNzHQ==",
      "requires": {
        "ts-custom-error": "^3.0.0"
      }
    },
    "ts-custom-error": {
      "version": "3.1.1",
      "resolved": "https://registry.npmjs.org/ts-custom-error/-/ts-custom-error-3.1.1.tgz",
      "integrity": "sha512-f/syoy+pTE4z82qaiRuthEeZtCGNKzlfs0Zc8jpQFcz/CYMaFSwFSdfFt1sSFnPlDLOEm7RCROdIxZ44N8UlwA=="
    }
  }
}
